{
  "requires": true,
  "lockfileVersion": 1,
  "dependencies": {
    "idb-keyval": {
      "version": "5.0.4",
      "resolved": "https://registry.npmjs.org/idb-keyval/-/idb-keyval-5.0.4.tgz",
      "integrity": "sha512-qS0kplHuadZujoE90ze0NUkhW0/Fbfib7d+mYNMXNEn45NSh2NWY3fBewoX4GZUsKkGHBgc8JiAwMx0zrfL3LQ=="
    }
  }
}
